// !$*UTF8*$!
{
	archiveVersion = 1;
	classes = {
	};
	objectVersion = 56;
	objects = {

/* Begin PBXBuildFile section */
		410272932AD5F2FC00BE7E51 /* fyfApp.swift in Sources */ = {isa = PBXBuildFile; fileRef = 410272922AD5F2FC00BE7E51 /* fyfApp.swift */; };
		410272952AD5F2FC00BE7E51 /* ContentView.swift in Sources */ = {isa = PBXBuildFile; fileRef = 410272942AD5F2FC00BE7E51 /* ContentView.swift */; };
		410272972AD5F2FD00BE7E51 /* Assets.xcassets in Resources */ = {isa = PBXBuildFile; fileRef = 410272962AD5F2FD00BE7E51 /* Assets.xcassets */; };
		4102729B2AD5F2FD00BE7E51 /* Preview Assets.xcassets in Resources */ = {isa = PBXBuildFile; fileRef = 4102729A2AD5F2FD00BE7E51 /* Preview Assets.xcassets */; };
		410272A52AD5F2FD00BE7E51 /* fyfTests.swift in Sources */ = {isa = PBXBuildFile; fileRef = 410272A42AD5F2FD00BE7E51 /* fyfTests.swift */; };
		410272AF2AD5F2FD00BE7E51 /* fyfUITests.swift in Sources */ = {isa = PBXBuildFile; fileRef = 410272AE2AD5F2FD00BE7E51 /* fyfUITests.swift */; };
		410272B12AD5F2FD00BE7E51 /* fyfUITestsLaunchTests.swift in Sources */ = {isa = PBXBuildFile; fileRef = 410272B02AD5F2FD00BE7E51 /* fyfUITestsLaunchTests.swift */; };
		410272BF2AD5F38200BE7E51 /* Cards.swift in Sources */ = {isa = PBXBuildFile; fileRef = 410272BE2AD5F38200BE7E51 /* Cards.swift */; };
		410272C12AD5F3A800BE7E51 /* Rank.swift in Sources */ = {isa = PBXBuildFile; fileRef = 410272C02AD5F3A800BE7E51 /* Rank.swift */; };
		410272C32AD5F3C100BE7E51 /* Suit.swift in Sources */ = {isa = PBXBuildFile; fileRef = 410272C22AD5F3C100BE7E51 /* Suit.swift */; };
		418AF8EC2AD5F4B100A71525 /* CardView.swift in Sources */ = {isa = PBXBuildFile; fileRef = 418AF8EB2AD5F4B100A71525 /* CardView.swift */; };
		418AF8EE2AD5F68900A71525 /* .gitignore in Resources */ = {isa = PBXBuildFile; fileRef = 418AF8ED2AD5F68900A71525 /* .gitignore */; };
/* End PBXBuildFile section */

/* Begin PBXContainerItemProxy section */
		410272A12AD5F2FD00BE7E51 /* PBXContainerItemProxy */ = {
			isa = PBXContainerItemProxy;
			containerPortal = 410272872AD5F2FC00BE7E51 /* Project object */;
			proxyType = 1;
			remoteGlobalIDString = 4102728E2AD5F2FC00BE7E51;
			remoteInfo = fyf;
		};
		410272AB2AD5F2FD00BE7E51 /* PBXContainerItemProxy */ = {
			isa = PBXContainerItemProxy;
			containerPortal = 410272872AD5F2FC00BE7E51 /* Project object */;
			proxyType = 1;
			remoteGlobalIDString = 4102728E2AD5F2FC00BE7E51;
			remoteInfo = fyf;
		};
/* End PBXContainerItemProxy section */

/* Begin PBXFileReference section */
		4102728F2AD5F2FC00BE7E51 /* fyf.app */ = {isa = PBXFileReference; explicitFileType = wrapper.application; includeInIndex = 0; path = fyf.app; sourceTree = BUILT_PRODUCTS_DIR; };
		410272922AD5F2FC00BE7E51 /* fyfApp.swift */ = {isa = PBXFileReference; lastKnownFileType = sourcecode.swift; path = fyfApp.swift; sourceTree = "<group>"; };
		410272942AD5F2FC00BE7E51 /* ContentView.swift */ = {isa = PBXFileReference; lastKnownFileType = sourcecode.swift; path = ContentView.swift; sourceTree = "<group>"; };
		410272962AD5F2FD00BE7E51 /* Assets.xcassets */ = {isa = PBXFileReference; lastKnownFileType = folder.assetcatalog; path = Assets.xcassets; sourceTree = "<group>"; };
		410272982AD5F2FD00BE7E51 /* fyf.entitlements */ = {isa = PBXFileReference; lastKnownFileType = text.plist.entitlements; path = fyf.entitlements; sourceTree = "<group>"; };
		4102729A2AD5F2FD00BE7E51 /* Preview Assets.xcassets */ = {isa = PBXFileReference; lastKnownFileType = folder.assetcatalog; path = "Preview Assets.xcassets"; sourceTree = "<group>"; };
		410272A02AD5F2FD00BE7E51 /* fyfTests.xctest */ = {isa = PBXFileReference; explicitFileType = wrapper.cfbundle; includeInIndex = 0; path = fyfTests.xctest; sourceTree = BUILT_PRODUCTS_DIR; };
		410272A42AD5F2FD00BE7E51 /* fyfTests.swift */ = {isa = PBXFileReference; lastKnownFileType = sourcecode.swift; path = fyfTests.swift; sourceTree = "<group>"; };
		410272AA2AD5F2FD00BE7E51 /* fyfUITests.xctest */ = {isa = PBXFileReference; explicitFileType = wrapper.cfbundle; includeInIndex = 0; path = fyfUITests.xctest; sourceTree = BUILT_PRODUCTS_DIR; };
		410272AE2AD5F2FD00BE7E51 /* fyfUITests.swift */ = {isa = PBXFileReference; lastKnownFileType = sourcecode.swift; path = fyfUITests.swift; sourceTree = "<group>"; };
		410272B02AD5F2FD00BE7E51 /* fyfUITestsLaunchTests.swift */ = {isa = PBXFileReference; lastKnownFileType = sourcecode.swift; path = fyfUITestsLaunchTests.swift; sourceTree = "<group>"; };
		410272BE2AD5F38200BE7E51 /* Cards.swift */ = {isa = PBXFileReference; lastKnownFileType = sourcecode.swift; path = Cards.swift; sourceTree = "<group>"; };
		410272C02AD5F3A800BE7E51 /* Rank.swift */ = {isa = PBXFileReference; lastKnownFileType = sourcecode.swift; path = Rank.swift; sourceTree = "<group>"; };
		410272C22AD5F3C100BE7E51 /* Suit.swift */ = {isa = PBXFileReference; lastKnownFileType = sourcecode.swift; path = Suit.swift; sourceTree = "<group>"; };
		418AF8EB2AD5F4B100A71525 /* CardView.swift */ = {isa = PBXFileReference; lastKnownFileType = sourcecode.swift; path = CardView.swift; sourceTree = "<group>"; };
		418AF8ED2AD5F68900A71525 /* .gitignore */ = {isa = PBXFileReference; lastKnownFileType = text; path = .gitignore; sourceTree = "<group>"; };
/* End PBXFileReference section */

/* Begin PBXFrameworksBuildPhase section */
		4102728C2AD5F2FC00BE7E51 /* Frameworks */ = {
			isa = PBXFrameworksBuildPhase;
			buildActionMask = 2147483647;
			files = (
			);
			runOnlyForDeploymentPostprocessing = 0;
		};
		4102729D2AD5F2FD00BE7E51 /* Frameworks */ = {
			isa = PBXFrameworksBuildPhase;
			buildActionMask = 2147483647;
			files = (
			);
			runOnlyForDeploymentPostprocessing = 0;
		};
		410272A72AD5F2FD00BE7E51 /* Frameworks */ = {
			isa = PBXFrameworksBuildPhase;
			buildActionMask = 2147483647;
			files = (
			);
			runOnlyForDeploymentPostprocessing = 0;
		};
/* End PBXFrameworksBuildPhase section */

/* Begin PBXGroup section */
		410272862AD5F2FC00BE7E51 = {
			isa = PBXGroup;
			children = (
				418AF8ED2AD5F68900A71525 /* .gitignore */,
				410272912AD5F2FC00BE7E51 /* fyf */,
				410272A32AD5F2FD00BE7E51 /* fyfTests */,
				410272AD2AD5F2FD00BE7E51 /* fyfUITests */,
				410272902AD5F2FC00BE7E51 /* Products */,
			);
			sourceTree = "<group>";
		};
		410272902AD5F2FC00BE7E51 /* Products */ = {
			isa = PBXGroup;
			children = (
				4102728F2AD5F2FC00BE7E51 /* fyf.app */,
				410272A02AD5F2FD00BE7E51 /* fyfTests.xctest */,
				410272AA2AD5F2FD00BE7E51 /* fyfUITests.xctest */,
			);
			name = Products;
			sourceTree = "<group>";
		};
		410272912AD5F2FC00BE7E51 /* fyf */ = {
			isa = PBXGroup;
			children = (
				418AF8EA2AD5F48B00A71525 /* views */,
				410272BD2AD5F36D00BE7E51 /* model */,
				410272922AD5F2FC00BE7E51 /* fyfApp.swift */,
				410272942AD5F2FC00BE7E51 /* ContentView.swift */,
				410272962AD5F2FD00BE7E51 /* Assets.xcassets */,
				410272982AD5F2FD00BE7E51 /* fyf.entitlements */,
				410272992AD5F2FD00BE7E51 /* Preview Content */,
			);
			path = fyf;
			sourceTree = "<group>";
		};
		410272992AD5F2FD00BE7E51 /* Preview Content */ = {
			isa = PBXGroup;
			children = (
				4102729A2AD5F2FD00BE7E51 /* Preview Assets.xcassets */,
			);
			path = "Preview Content";
			sourceTree = "<group>";
		};
		410272A32AD5F2FD00BE7E51 /* fyfTests */ = {
			isa = PBXGroup;
			children = (
				410272A42AD5F2FD00BE7E51 /* fyfTests.swift */,
			);
			path = fyfTests;
			sourceTree = "<group>";
		};
		410272AD2AD5F2FD00BE7E51 /* fyfUITests */ = {
			isa = PBXGroup;
			children = (
				410272AE2AD5F2FD00BE7E51 /* fyfUITests.swift */,
				410272B02AD5F2FD00BE7E51 /* fyfUITestsLaunchTests.swift */,
			);
			path = fyfUITests;
			sourceTree = "<group>";
		};
		410272BD2AD5F36D00BE7E51 /* model */ = {
			isa = PBXGroup;
			children = (
				410272BE2AD5F38200BE7E51 /* Cards.swift */,
				410272C02AD5F3A800BE7E51 /* Rank.swift */,
				410272C22AD5F3C100BE7E51 /* Suit.swift */,
			);
			path = model;
			sourceTree = "<group>";
		};
		418AF8EA2AD5F48B00A71525 /* views */ = {
			isa = PBXGroup;
			children = (
				418AF8EB2AD5F4B100A71525 /* CardView.swift */,
			);
			path = views;
			sourceTree = "<group>";
		};
/* End PBXGroup section */

/* Begin PBXNativeTarget section */
		4102728E2AD5F2FC00BE7E51 /* fyf */ = {
			isa = PBXNativeTarget;
			buildConfigurationList = 410272B42AD5F2FD00BE7E51 /* Build configuration list for PBXNativeTarget "fyf" */;
			buildPhases = (
				4102728B2AD5F2FC00BE7E51 /* Sources */,
				4102728C2AD5F2FC00BE7E51 /* Frameworks */,
				4102728D2AD5F2FC00BE7E51 /* Resources */,
			);
			buildRules = (
			);
			dependencies = (
			);
			name = fyf;
			productName = fyf;
			productReference = 4102728F2AD5F2FC00BE7E51 /* fyf.app */;
			productType = "com.apple.product-type.application";
		};
		4102729F2AD5F2FD00BE7E51 /* fyfTests */ = {
			isa = PBXNativeTarget;
			buildConfigurationList = 410272B72AD5F2FD00BE7E51 /* Build configuration list for PBXNativeTarget "fyfTests" */;
			buildPhases = (
				4102729C2AD5F2FD00BE7E51 /* Sources */,
				4102729D2AD5F2FD00BE7E51 /* Frameworks */,
				4102729E2AD5F2FD00BE7E51 /* Resources */,
			);
			buildRules = (
			);
			dependencies = (
				410272A22AD5F2FD00BE7E51 /* PBXTargetDependency */,
			);
			name = fyfTests;
			productName = fyfTests;
			productReference = 410272A02AD5F2FD00BE7E51 /* fyfTests.xctest */;
			productType = "com.apple.product-type.bundle.unit-test";
		};
		410272A92AD5F2FD00BE7E51 /* fyfUITests */ = {
			isa = PBXNativeTarget;
			buildConfigurationList = 410272BA2AD5F2FD00BE7E51 /* Build configuration list for PBXNativeTarget "fyfUITests" */;
			buildPhases = (
				410272A62AD5F2FD00BE7E51 /* Sources */,
				410272A72AD5F2FD00BE7E51 /* Frameworks */,
				410272A82AD5F2FD00BE7E51 /* Resources */,
			);
			buildRules = (
			);
			dependencies = (
				410272AC2AD5F2FD00BE7E51 /* PBXTargetDependency */,
			);
			name = fyfUITests;
			productName = fyfUITests;
			productReference = 410272AA2AD5F2FD00BE7E51 /* fyfUITests.xctest */;
			productType = "com.apple.product-type.bundle.ui-testing";
		};
/* End PBXNativeTarget section */

/* Begin PBXProject section */
		410272872AD5F2FC00BE7E51 /* Project object */ = {
			isa = PBXProject;
			attributes = {
				BuildIndependentTargetsInParallel = 1;
				LastSwiftUpdateCheck = 1500;
				LastUpgradeCheck = 1500;
				TargetAttributes = {
					4102728E2AD5F2FC00BE7E51 = {
						CreatedOnToolsVersion = 15.0;
					};
					4102729F2AD5F2FD00BE7E51 = {
						CreatedOnToolsVersion = 15.0;
						TestTargetID = 4102728E2AD5F2FC00BE7E51;
					};
					410272A92AD5F2FD00BE7E51 = {
						CreatedOnToolsVersion = 15.0;
						TestTargetID = 4102728E2AD5F2FC00BE7E51;
					};
				};
			};
			buildConfigurationList = 4102728A2AD5F2FC00BE7E51 /* Build configuration list for PBXProject "fyf" */;
			compatibilityVersion = "Xcode 14.0";
			developmentRegion = en;
			hasScannedForEncodings = 0;
			knownRegions = (
				en,
				Base,
			);
			mainGroup = 410272862AD5F2FC00BE7E51;
			productRefGroup = 410272902AD5F2FC00BE7E51 /* Products */;
			projectDirPath = "";
			projectRoot = "";
			targets = (
				4102728E2AD5F2FC00BE7E51 /* fyf */,
				4102729F2AD5F2FD00BE7E51 /* fyfTests */,
				410272A92AD5F2FD00BE7E51 /* fyfUITests */,
			);
		};
/* End PBXProject section */

/* Begin PBXResourcesBuildPhase section */
		4102728D2AD5F2FC00BE7E51 /* Resources */ = {
			isa = PBXResourcesBuildPhase;
			buildActionMask = 2147483647;
			files = (
				4102729B2AD5F2FD00BE7E51 /* Preview Assets.xcassets in Resources */,
				418AF8EE2AD5F68900A71525 /* .gitignore in Resources */,
				410272972AD5F2FD00BE7E51 /* Assets.xcassets in Resources */,
			);
			runOnlyForDeploymentPostprocessing = 0;
		};
		4102729E2AD5F2FD00BE7E51 /* Resources */ = {
			isa = PBXResourcesBuildPhase;
			buildActionMask = 2147483647;
			files = (
			);
			runOnlyForDeploymentPostprocessing = 0;
		};
		410272A82AD5F2FD00BE7E51 /* Resources */ = {
			isa = PBXResourcesBuildPhase;
			buildActionMask = 2147483647;
			files = (
			);
			runOnlyForDeploymentPostprocessing = 0;
		};
/* End PBXResourcesBuildPhase section */

/* Begin PBXSourcesBuildPhase section */
		4102728B2AD5F2FC00BE7E51 /* Sources */ = {
			isa = PBXSourcesBuildPhase;
			buildActionMask = 2147483647;
			files = (
				410272BF2AD5F38200BE7E51 /* Cards.swift in Sources */,
				410272C32AD5F3C100BE7E51 /* Suit.swift in Sources */,
				410272C12AD5F3A800BE7E51 /* Rank.swift in Sources */,
				410272952AD5F2FC00BE7E51 /* ContentView.swift in Sources */,
				418AF8EC2AD5F4B100A71525 /* CardView.swift in Sources */,
				410272932AD5F2FC00BE7E51 /* fyfApp.swift in Sources */,
			);
			runOnlyForDeploymentPostprocessing = 0;
		};
		4102729C2AD5F2FD00BE7E51 /* Sources */ = {
			isa = PBXSourcesBuildPhase;
			buildActionMask = 2147483647;
			files = (
				410272A52AD5F2FD00BE7E51 /* fyfTests.swift in Sources */,
			);
			runOnlyForDeploymentPostprocessing = 0;
		};
		410272A62AD5F2FD00BE7E51 /* Sources */ = {
			isa = PBXSourcesBuildPhase;
			buildActionMask = 2147483647;
			files = (
				410272B12AD5F2FD00BE7E51 /* fyfUITestsLaunchTests.swift in Sources */,
				410272AF2AD5F2FD00BE7E51 /* fyfUITests.swift in Sources */,
			);
			runOnlyForDeploymentPostprocessing = 0;
		};
/* End PBXSourcesBuildPhase section */

/* Begin PBXTargetDependency section */
		410272A22AD5F2FD00BE7E51 /* PBXTargetDependency */ = {
			isa = PBXTargetDependency;
			target = 4102728E2AD5F2FC00BE7E51 /* fyf */;
			targetProxy = 410272A12AD5F2FD00BE7E51 /* PBXContainerItemProxy */;
		};
		410272AC2AD5F2FD00BE7E51 /* PBXTargetDependency */ = {
			isa = PBXTargetDependency;
			target = 4102728E2AD5F2FC00BE7E51 /* fyf */;
			targetProxy = 410272AB2AD5F2FD00BE7E51 /* PBXContainerItemProxy */;
		};
/* End PBXTargetDependency section */

/* Begin XCBuildConfiguration section */
		410272B22AD5F2FD00BE7E51 /* Debug */ = {
			isa = XCBuildConfiguration;
			buildSettings = {
				ALWAYS_SEARCH_USER_PATHS = NO;
				ASSETCATALOG_COMPILER_GENERATE_SWIFT_ASSET_SYMBOL_EXTENSIONS = YES;
				CLANG_ANALYZER_NONNULL = YES;
				CLANG_ANALYZER_NUMBER_OBJECT_CONVERSION = YES_AGGRESSIVE;
				CLANG_CXX_LANGUAGE_STANDARD = "gnu++20";
				CLANG_ENABLE_MODULES = YES;
				CLANG_ENABLE_OBJC_ARC = YES;
				CLANG_ENABLE_OBJC_WEAK = YES;
				CLANG_WARN_BLOCK_CAPTURE_AUTORELEASING = YES;
				CLANG_WARN_BOOL_CONVERSION = YES;
				CLANG_WARN_COMMA = YES;
				CLANG_WARN_CONSTANT_CONVERSION = YES;
				CLANG_WARN_DEPRECATED_OBJC_IMPLEMENTATIONS = YES;
				CLANG_WARN_DIRECT_OBJC_ISA_USAGE = YES_ERROR;
				CLANG_WARN_DOCUMENTATION_COMMENTS = YES;
				CLANG_WARN_EMPTY_BODY = YES;
				CLANG_WARN_ENUM_CONVERSION = YES;
				CLANG_WARN_INFINITE_RECURSION = YES;
				CLANG_WARN_INT_CONVERSION = YES;
				CLANG_WARN_NON_LITERAL_NULL_CONVERSION = YES;
				CLANG_WARN_OBJC_IMPLICIT_RETAIN_SELF = YES;
				CLANG_WARN_OBJC_LITERAL_CONVERSION = YES;
				CLANG_WARN_OBJC_ROOT_CLASS = YES_ERROR;
				CLANG_WARN_QUOTED_INCLUDE_IN_FRAMEWORK_HEADER = YES;
				CLANG_WARN_RANGE_LOOP_ANALYSIS = YES;
				CLANG_WARN_STRICT_PROTOTYPES = YES;
				CLANG_WARN_SUSPICIOUS_MOVE = YES;
				CLANG_WARN_UNGUARDED_AVAILABILITY = YES_AGGRESSIVE;
				CLANG_WARN_UNREACHABLE_CODE = YES;
				CLANG_WARN__DUPLICATE_METHOD_MATCH = YES;
				COPY_PHASE_STRIP = NO;
				DEBUG_INFORMATION_FORMAT = dwarf;
				ENABLE_STRICT_OBJC_MSGSEND = YES;
				ENABLE_TESTABILITY = YES;
				ENABLE_USER_SCRIPT_SANDBOXING = YES;
				GCC_C_LANGUAGE_STANDARD = gnu17;
				GCC_DYNAMIC_NO_PIC = NO;
				GCC_NO_COMMON_BLOCKS = YES;
				GCC_OPTIMIZATION_LEVEL = 0;
				GCC_PREPROCESSOR_DEFINITIONS = (
					"DEBUG=1",
					"$(inherited)",
				);
				GCC_WARN_64_TO_32_BIT_CONVERSION = YES;
				GCC_WARN_ABOUT_RETURN_TYPE = YES_ERROR;
				GCC_WARN_UNDECLARED_SELECTOR = YES;
				GCC_WARN_UNINITIALIZED_AUTOS = YES_AGGRESSIVE;
				GCC_WARN_UNUSED_FUNCTION = YES;
				GCC_WARN_UNUSED_VARIABLE = YES;
				LOCALIZATION_PREFERS_STRING_CATALOGS = YES;
				MTL_ENABLE_DEBUG_INFO = INCLUDE_SOURCE;
				MTL_FAST_MATH = YES;
				ONLY_ACTIVE_ARCH = YES;
				SWIFT_ACTIVE_COMPILATION_CONDITIONS = "DEBUG $(inherited)";
				SWIFT_OPTIMIZATION_LEVEL = "-Onone";
			};
			name = Debug;
		};
		410272B32AD5F2FD00BE7E51 /* Release */ = {
			isa = XCBuildConfiguration;
			buildSettings = {
				ALWAYS_SEARCH_USER_PATHS = NO;
				ASSETCATALOG_COMPILER_GENERATE_SWIFT_ASSET_SYMBOL_EXTENSIONS = YES;
				CLANG_ANALYZER_NONNULL = YES;
				CLANG_ANALYZER_NUMBER_OBJECT_CONVERSION = YES_AGGRESSIVE;
				CLANG_CXX_LANGUAGE_STANDARD = "gnu++20";
				CLANG_ENABLE_MODULES = YES;
				CLANG_ENABLE_OBJC_ARC = YES;
				CLANG_ENABLE_OBJC_WEAK = YES;
				CLANG_WARN_BLOCK_CAPTURE_AUTORELEASING = YES;
				CLANG_WARN_BOOL_CONVERSION = YES;
				CLANG_WARN_COMMA = YES;
				CLANG_WARN_CONSTANT_CONVERSION = YES;
				CLANG_WARN_DEPRECATED_OBJC_IMPLEMENTATIONS = YES;
				CLANG_WARN_DIRECT_OBJC_ISA_USAGE = YES_ERROR;
				CLANG_WARN_DOCUMENTATION_COMMENTS = YES;
				CLANG_WARN_EMPTY_BODY = YES;
				CLANG_WARN_ENUM_CONVERSION = YES;
				CLANG_WARN_INFINITE_RECURSION = YES;
				CLANG_WARN_INT_CONVERSION = YES;
				CLANG_WARN_NON_LITERAL_NULL_CONVERSION = YES;
				CLANG_WARN_OBJC_IMPLICIT_RETAIN_SELF = YES;
				CLANG_WARN_OBJC_LITERAL_CONVERSION = YES;
				CLANG_WARN_OBJC_ROOT_CLASS = YES_ERROR;
				CLANG_WARN_QUOTED_INCLUDE_IN_FRAMEWORK_HEADER = YES;
				CLANG_WARN_RANGE_LOOP_ANALYSIS = YES;
				CLANG_WARN_STRICT_PROTOTYPES = YES;
				CLANG_WARN_SUSPICIOUS_MOVE = YES;
				CLANG_WARN_UNGUARDED_AVAILABILITY = YES_AGGRESSIVE;
				CLANG_WARN_UNREACHABLE_CODE = YES;
				CLANG_WARN__DUPLICATE_METHOD_MATCH = YES;
				COPY_PHASE_STRIP = NO;
				DEBUG_INFORMATION_FORMAT = "dwarf-with-dsym";
				ENABLE_NS_ASSERTIONS = NO;
				ENABLE_STRICT_OBJC_MSGSEND = YES;
				ENABLE_USER_SCRIPT_SANDBOXING = YES;
				GCC_C_LANGUAGE_STANDARD = gnu17;
				GCC_NO_COMMON_BLOCKS = YES;
				GCC_WARN_64_TO_32_BIT_CONVERSION = YES;
				GCC_WARN_ABOUT_RETURN_TYPE = YES_ERROR;
				GCC_WARN_UNDECLARED_SELECTOR = YES;
				GCC_WARN_UNINITIALIZED_AUTOS = YES_AGGRESSIVE;
				GCC_WARN_UNUSED_FUNCTION = YES;
				GCC_WARN_UNUSED_VARIABLE = YES;
				LOCALIZATION_PREFERS_STRING_CATALOGS = YES;
				MTL_ENABLE_DEBUG_INFO = NO;
				MTL_FAST_MATH = YES;
				SWIFT_COMPILATION_MODE = wholemodule;
			};
			name = Release;
		};
		410272B52AD5F2FD00BE7E51 /* Debug */ = {
			isa = XCBuildConfiguration;
			buildSettings = {
				ASSETCATALOG_COMPILER_APPICON_NAME = AppIcon;
				ASSETCATALOG_COMPILER_GLOBAL_ACCENT_COLOR_NAME = AccentColor;
				CODE_SIGN_ENTITLEMENTS = fyf/fyf.entitlements;
				CODE_SIGN_STYLE = Automatic;
				CURRENT_PROJECT_VERSION = 1;
				DEVELOPMENT_ASSET_PATHS = "\"fyf/Preview Content\"";
				DEVELOPMENT_TEAM = LD95A6U3B6;
				ENABLE_HARDENED_RUNTIME = YES;
				ENABLE_PREVIEWS = YES;
				GENERATE_INFOPLIST_FILE = YES;
				"INFOPLIST_KEY_UIApplicationSceneManifest_Generation[sdk=iphoneos*]" = YES;
				"INFOPLIST_KEY_UIApplicationSceneManifest_Generation[sdk=iphonesimulator*]" = YES;
				"INFOPLIST_KEY_UIApplicationSupportsIndirectInputEvents[sdk=iphoneos*]" = YES;
				"INFOPLIST_KEY_UIApplicationSupportsIndirectInputEvents[sdk=iphonesimulator*]" = YES;
				"INFOPLIST_KEY_UILaunchScreen_Generation[sdk=iphoneos*]" = YES;
				"INFOPLIST_KEY_UILaunchScreen_Generation[sdk=iphonesimulator*]" = YES;
				"INFOPLIST_KEY_UIStatusBarStyle[sdk=iphoneos*]" = UIStatusBarStyleDefault;
				"INFOPLIST_KEY_UIStatusBarStyle[sdk=iphonesimulator*]" = UIStatusBarStyleDefault;
				INFOPLIST_KEY_UISupportedInterfaceOrientations_iPad = "UIInterfaceOrientationPortrait UIInterfaceOrientationPortraitUpsideDown UIInterfaceOrientationLandscapeLeft UIInterfaceOrientationLandscapeRight";
				INFOPLIST_KEY_UISupportedInterfaceOrientations_iPhone = "UIInterfaceOrientationPortrait UIInterfaceOrientationLandscapeLeft UIInterfaceOrientationLandscapeRight";
				IPHONEOS_DEPLOYMENT_TARGET = 17.0;
				LD_RUNPATH_SEARCH_PATHS = "@executable_path/Frameworks";
				"LD_RUNPATH_SEARCH_PATHS[sdk=macosx*]" = "@executable_path/../Frameworks";
				MACOSX_DEPLOYMENT_TARGET = 14.0;
				MARKETING_VERSION = 1.0;
				PRODUCT_BUNDLE_IDENTIFIER = com.egbt.fyf;
				PRODUCT_NAME = "$(TARGET_NAME)";
				SDKROOT = auto;
				SUPPORTED_PLATFORMS = "iphoneos iphonesimulator macosx";
				SWIFT_EMIT_LOC_STRINGS = YES;
				SWIFT_VERSION = 5.0;
				TARGETED_DEVICE_FAMILY = "1,2";
			};
			name = Debug;
		};
		410272B62AD5F2FD00BE7E51 /* Release */ = {
			isa = XCBuildConfiguration;
			buildSettings = {
				ASSETCATALOG_COMPILER_APPICON_NAME = AppIcon;
				ASSETCATALOG_COMPILER_GLOBAL_ACCENT_COLOR_NAME = AccentColor;
				CODE_SIGN_ENTITLEMENTS = fyf/fyf.entitlements;
				CODE_SIGN_STYLE = Automatic;
				CURRENT_PROJECT_VERSION = 1;
				DEVELOPMENT_ASSET_PATHS = "\"fyf/Preview Content\"";
				DEVELOPMENT_TEAM = LD95A6U3B6;
				ENABLE_HARDENED_RUNTIME = YES;
				ENABLE_PREVIEWS = YES;
				GENERATE_INFOPLIST_FILE = YES;
				"INFOPLIST_KEY_UIApplicationSceneManifest_Generation[sdk=iphoneos*]" = YES;
				"INFOPLIST_KEY_UIApplicationSceneManifest_Generation[sdk=iphonesimulator*]" = YES;
				"INFOPLIST_KEY_UIApplicationSupportsIndirectInputEvents[sdk=iphoneos*]" = YES;
				"INFOPLIST_KEY_UIApplicationSupportsIndirectInputEvents[sdk=iphonesimulator*]" = YES;
				"INFOPLIST_KEY_UILaunchScreen_Generation[sdk=iphoneos*]" = YES;
				"INFOPLIST_KEY_UILaunchScreen_Generation[sdk=iphonesimulator*]" = YES;
				"INFOPLIST_KEY_UIStatusBarStyle[sdk=iphoneos*]" = UIStatusBarStyleDefault;
				"INFOPLIST_KEY_UIStatusBarStyle[sdk=iphonesimulator*]" = UIStatusBarStyleDefault;
				INFOPLIST_KEY_UISupportedInterfaceOrientations_iPad = "UIInterfaceOrientationPortrait UIInterfaceOrientationPortraitUpsideDown UIInterfaceOrientationLandscapeLeft UIInterfaceOrientationLandscapeRight";
				INFOPLIST_KEY_UISupportedInterfaceOrientations_iPhone = "UIInterfaceOrientationPortrait UIInterfaceOrientationLandscapeLeft UIInterfaceOrientationLandscapeRight";
				IPHONEOS_DEPLOYMENT_TARGET = 17.0;
				LD_RUNPATH_SEARCH_PATHS = "@executable_path/Frameworks";
				"LD_RUNPATH_SEARCH_PATHS[sdk=macosx*]" = "@executable_path/../Frameworks";
				MACOSX_DEPLOYMENT_TARGET = 14.0;
				MARKETING_VERSION = 1.0;
				PRODUCT_BUNDLE_IDENTIFIER = com.egbt.fyf;
				PRODUCT_NAME = "$(TARGET_NAME)";
				SDKROOT = auto;
				SUPPORTED_PLATFORMS = "iphoneos iphonesimulator macosx";
				SWIFT_EMIT_LOC_STRINGS = YES;
				SWIFT_VERSION = 5.0;
				TARGETED_DEVICE_FAMILY = "1,2";
			};
			name = Release;
		};
		410272B82AD5F2FD00BE7E51 /* Debug */ = {
			isa = XCBuildConfiguration;
			buildSettings = {
				ALWAYS_EMBED_SWIFT_STANDARD_LIBRARIES = YES;
				BUNDLE_LOADER = "$(TEST_HOST)";
				CODE_SIGN_STYLE = Automatic;
				CURRENT_PROJECT_VERSION = 1;
				DEVELOPMENT_TEAM = LD95A6U3B6;
				GENERATE_INFOPLIST_FILE = YES;
				IPHONEOS_DEPLOYMENT_TARGET = 17.0;
				MACOSX_DEPLOYMENT_TARGET = 14.0;
				MARKETING_VERSION = 1.0;
				PRODUCT_BUNDLE_IDENTIFIER = com.egbt.fyfTests;
				PRODUCT_NAME = "$(TARGET_NAME)";
				SDKROOT = auto;
				SUPPORTED_PLATFORMS = "iphoneos iphonesimulator macosx";
				SWIFT_EMIT_LOC_STRINGS = NO;
				SWIFT_VERSION = 5.0;
				TARGETED_DEVICE_FAMILY = "1,2";
				TEST_HOST = "$(BUILT_PRODUCTS_DIR)/fyf.app/$(BUNDLE_EXECUTABLE_FOLDER_PATH)/fyf";
			};
			name = Debug;
		};
		410272B92AD5F2FD00BE7E51 /* Release */ = {
			isa = XCBuildConfiguration;
			buildSettings = {
				ALWAYS_EMBED_SWIFT_STANDARD_LIBRARIES = YES;
				BUNDLE_LOADER = "$(TEST_HOST)";
				CODE_SIGN_STYLE = Automatic;
				CURRENT_PROJECT_VERSION = 1;
				DEVELOPMENT_TEAM = LD95A6U3B6;
				GENERATE_INFOPLIST_FILE = YES;
				IPHONEOS_DEPLOYMENT_TARGET = 17.0;
				MACOSX_DEPLOYMENT_TARGET = 14.0;
				MARKETING_VERSION = 1.0;
				PRODUCT_BUNDLE_IDENTIFIER = com.egbt.fyfTests;
				PRODUCT_NAME = "$(TARGET_NAME)";
				SDKROOT = auto;
				SUPPORTED_PLATFORMS = "iphoneos iphonesimulator macosx";
				SWIFT_EMIT_LOC_STRINGS = NO;
				SWIFT_VERSION = 5.0;
				TARGETED_DEVICE_FAMILY = "1,2";
				TEST_HOST = "$(BUILT_PRODUCTS_DIR)/fyf.app/$(BUNDLE_EXECUTABLE_FOLDER_PATH)/fyf";
			};
			name = Release;
		};
		410272BB2AD5F2FD00BE7E51 /* Debug */ = {
			isa = XCBuildConfiguration;
			buildSettings = {
				ALWAYS_EMBED_SWIFT_STANDARD_LIBRARIES = YES;
				CODE_SIGN_STYLE = Automatic;
				CURRENT_PROJECT_VERSION = 1;
				DEVELOPMENT_TEAM = LD95A6U3B6;
				GENERATE_INFOPLIST_FILE = YES;
				IPHONEOS_DEPLOYMENT_TARGET = 17.0;
				MACOSX_DEPLOYMENT_TARGET = 14.0;
				MARKETING_VERSION = 1.0;
				PRODUCT_BUNDLE_IDENTIFIER = com.egbt.fyfUITests;
				PRODUCT_NAME = "$(TARGET_NAME)";
				SDKROOT = auto;
				SUPPORTED_PLATFORMS = "iphoneos iphonesimulator macosx";
				SWIFT_EMIT_LOC_STRINGS = NO;
				SWIFT_VERSION = 5.0;
				TARGETED_DEVICE_FAMILY = "1,2";
				TEST_TARGET_NAME = fyf;
			};
			name = Debug;
		};
		410272BC2AD5F2FD00BE7E51 /* Release */ = {
			isa = XCBuildConfiguration;
			buildSettings = {
				ALWAYS_EMBED_SWIFT_STANDARD_LIBRARIES = YES;
				CODE_SIGN_STYLE = Automatic;
				CURRENT_PROJECT_VERSION = 1;
				DEVELOPMENT_TEAM = LD95A6U3B6;
				GENERATE_INFOPLIST_FILE = YES;
				IPHONEOS_DEPLOYMENT_TARGET = 17.0;
				MACOSX_DEPLOYMENT_TARGET = 14.0;
				MARKETING_VERSION = 1.0;
				PRODUCT_BUNDLE_IDENTIFIER = com.egbt.fyfUITests;
				PRODUCT_NAME = "$(TARGET_NAME)";
				SDKROOT = auto;
				SUPPORTED_PLATFORMS = "iphoneos iphonesimulator macosx";
				SWIFT_EMIT_LOC_STRINGS = NO;
				SWIFT_VERSION = 5.0;
				TARGETED_DEVICE_FAMILY = "1,2";
				TEST_TARGET_NAME = fyf;
			};
			name = Release;
		};
/* End XCBuildConfiguration section */

/* Begin XCConfigurationList section */
		4102728A2AD5F2FC00BE7E51 /* Build configuration list for PBXProject "fyf" */ = {
			isa = XCConfigurationList;
			buildConfigurations = (
				410272B22AD5F2FD00BE7E51 /* Debug */,
				410272B32AD5F2FD00BE7E51 /* Release */,
			);
			defaultConfigurationIsVisible = 0;
			defaultConfigurationName = Release;
		};
		410272B42AD5F2FD00BE7E51 /* Build configuration list for PBXNativeTarget "fyf" */ = {
			isa = XCConfigurationList;
			buildConfigurations = (
				410272B52AD5F2FD00BE7E51 /* Debug */,
				410272B62AD5F2FD00BE7E51 /* Release */,
			);
			defaultConfigurationIsVisible = 0;
			defaultConfigurationName = Release;
		};
		410272B72AD5F2FD00BE7E51 /* Build configuration list for PBXNativeTarget "fyfTests" */ = {
			isa = XCConfigurationList;
			buildConfigurations = (
				410272B82AD5F2FD00BE7E51 /* Debug */,
				410272B92AD5F2FD00BE7E51 /* Release */,
			);
			defaultConfigurationIsVisible = 0;
			defaultConfigurationName = Release;
		};
		410272BA2AD5F2FD00BE7E51 /* Build configuration list for PBXNativeTarget "fyfUITests" */ = {
			isa = XCConfigurationList;
			buildConfigurations = (
				410272BB2AD5F2FD00BE7E51 /* Debug */,
				410272BC2AD5F2FD00BE7E51 /* Release */,
			);
			defaultConfigurationIsVisible = 0;
			defaultConfigurationName = Release;
		};
/* End XCConfigurationList section */
	};
	rootObject = 410272872AD5F2FC00BE7E51 /* Project object */;
}
